
Microsoft Visual Studio Solution File, Format Version 12.00
# Visual Studio Version 16
VisualStudioVersion = 16.0.30717.126
MinimumVisualStudioVersion = 10.0.40219.1
Project("{9A19103F-16F7-4668-BE54-9A1E7A4F7556}") = "FacadeService", "FacadeService\FacadeService.csproj", "{40DE2379-75E9-4303-BBDB-90C7B6FD797F}"
EndProject
Project("{9A19103F-16F7-4668-BE54-9A1E7A4F7556}") = "LoggingService", "LoggingService\LoggingService.csproj", "{FFFAAFB8-FB70-46EC-A1F1-7EAEFDB8E302}"
EndProject
Project("{9A19103F-16F7-4668-BE54-9A1E7A4F7556}") = "MessagesService", "MessagesService\MessagesService.csproj", "{12671E0E-EF71-4C31-9051-D1EC9DB93CAF}"
EndProject
Project("{2150E333-8FDC-42A3-9474-1A3956D46DE8}") = "Solution Items", "Solution Items", "{2CE1C5C8-8070-48F4-A3D0-0746C6EF3A1C}"
	ProjectSection(SolutionItems) = preProject
		.drone.yml = .drone.yml
	EndProjectSection
EndProject
Global
	GlobalSection(SolutionConfigurationPlatforms) = preSolution
		Debug|Any CPU = Debug|Any CPU
		Release|Any CPU = Release|Any CPU
	EndGlobalSection
	GlobalSection(ProjectConfigurationPlatforms) = postSolution
		{40DE2379-75E9-4303-BBDB-90C7B6FD797F}.Debug|Any CPU.ActiveCfg = Debug|Any CPU
		{40DE2379-75E9-4303-BBDB-90C7B6FD797F}.Debug|Any CPU.Build.0 = Debug|Any CPU
		{40DE2379-75E9-4303-BBDB-90C7B6FD797F}.Release|Any CPU.ActiveCfg = Release|Any CPU
		{40DE2379-75E9-4303-BBDB-90C7B6FD797F}.Release|Any CPU.Build.0 = Release|Any CPU
		{FFFAAFB8-FB70-46EC-A1F1-7EAEFDB8E302}.Debug|Any CPU.ActiveCfg = Debug|Any CPU
		{FFFAAFB8-FB70-46EC-A1F1-7EAEFDB8E302}.Debug|Any CPU.Build.0 = Debug|Any CPU
		{FFFAAFB8-FB70-46EC-A1F1-7EAEFDB8E302}.Release|Any CPU.ActiveCfg = Release|Any CPU
		{FFFAAFB8-FB70-46EC-A1F1-7EAEFDB8E302}.Release|Any CPU.Build.0 = Release|Any CPU
		{12671E0E-EF71-4C31-9051-D1EC9DB93CAF}.Debug|Any CPU.ActiveCfg = Debug|Any CPU
		{12671E0E-EF71-4C31-9051-D1EC9DB93CAF}.Debug|Any CPU.Build.0 = Debug|Any CPU
		{12671E0E-EF71-4C31-9051-D1EC9DB93CAF}.Release|Any CPU.ActiveCfg = Release|Any CPU
		{12671E0E-EF71-4C31-9051-D1EC9DB93CAF}.Release|Any CPU.Build.0 = Release|Any CPU
	EndGlobalSection
	GlobalSection(SolutionProperties) = preSolution
		HideSolutionNode = FALSE
	EndGlobalSection
	GlobalSection(ExtensibilityGlobals) = postSolution
		SolutionGuid = {81B9517B-D71B-4130-8159-B7E42BF436DC}
	EndGlobalSection
EndGlobal
